// !$*UTF8*$!
{
	archiveVersion = 1;
	classes = {
	};
	objectVersion = 46;
	objects = {

/* Begin PBXBuildFile section */
		37066548B8BA84675137AE67 /* libPods-mold no more.a in Frameworks */ = {isa = PBXBuildFile; fileRef = C0C624CE3D819A71FB6CF7F4 /* libPods-mold no more.a */; };
		9E18BC231DB1D4B300AB256B /* AppDelegate.swift in Sources */ = {isa = PBXBuildFile; fileRef = 9E18BC221DB1D4B300AB256B /* AppDelegate.swift */; };
		9E18BC251DB1D4B300AB256B /* ViewController.swift in Sources */ = {isa = PBXBuildFile; fileRef = 9E18BC241DB1D4B300AB256B /* ViewController.swift */; };
		9E18BC281DB1D4B300AB256B /* Main.storyboard in Resources */ = {isa = PBXBuildFile; fileRef = 9E18BC261DB1D4B300AB256B /* Main.storyboard */; };
		9E18BC2A1DB1D4B300AB256B /* Assets.xcassets in Resources */ = {isa = PBXBuildFile; fileRef = 9E18BC291DB1D4B300AB256B /* Assets.xcassets */; };
		9E18BC2D1DB1D4B300AB256B /* LaunchScreen.storyboard in Resources */ = {isa = PBXBuildFile; fileRef = 9E18BC2B1DB1D4B300AB256B /* LaunchScreen.storyboard */; };
/* End PBXBuildFile section */

/* Begin PBXFileReference section */
		83D0024178F627ACDB89DC34 /* Pods-mold no more.debug.xcconfig */ = {isa = PBXFileReference; includeInIndex = 1; lastKnownFileType = text.xcconfig; name = "Pods-mold no more.debug.xcconfig"; path = "Pods/Target Support Files/Pods-mold no more/Pods-mold no more.debug.xcconfig"; sourceTree = "<group>"; };
		9E18BC1F1DB1D4B200AB256B /* mold no more.app */ = {isa = PBXFileReference; explicitFileType = wrapper.application; includeInIndex = 0; path = "mold no more.app"; sourceTree = BUILT_PRODUCTS_DIR; };
		9E18BC221DB1D4B300AB256B /* AppDelegate.swift */ = {isa = PBXFileReference; lastKnownFileType = sourcecode.swift; path = AppDelegate.swift; sourceTree = "<group>"; };
		9E18BC241DB1D4B300AB256B /* ViewController.swift */ = {isa = PBXFileReference; lastKnownFileType = sourcecode.swift; path = ViewController.swift; sourceTree = "<group>"; };
		9E18BC271DB1D4B300AB256B /* Base */ = {isa = PBXFileReference; lastKnownFileType = file.storyboard; name = Base; path = Base.lproj/Main.storyboard; sourceTree = "<group>"; };
		9E18BC291DB1D4B300AB256B /* Assets.xcassets */ = {isa = PBXFileReference; lastKnownFileType = folder.assetcatalog; path = Assets.xcassets; sourceTree = "<group>"; };
		9E18BC2C1DB1D4B300AB256B /* Base */ = {isa = PBXFileReference; lastKnownFileType = file.storyboard; name = Base; path = Base.lproj/LaunchScreen.storyboard; sourceTree = "<group>"; };
		9E18BC2E1DB1D4B300AB256B /* Info.plist */ = {isa = PBXFileReference; lastKnownFileType = text.plist.xml; path = Info.plist; sourceTree = "<group>"; };
		9E18BC341DB1DDB800AB256B /* -Bridging-Header.h */ = {isa = PBXFileReference; lastKnownFileType = sourcecode.c.h; path = "-Bridging-Header.h"; sourceTree = "<group>"; };
		C0C624CE3D819A71FB6CF7F4 /* libPods-mold no more.a */ = {isa = PBXFileReference; explicitFileType = archive.ar; includeInIndex = 0; path = "libPods-mold no more.a"; sourceTree = BUILT_PRODUCTS_DIR; };
		DA810C96331336E0AB92AA51 /* Pods-mold no more.release.xcconfig */ = {isa = PBXFileReference; includeInIndex = 1; lastKnownFileType = text.xcconfig; name = "Pods-mold no more.release.xcconfig"; path = "Pods/Target Support Files/Pods-mold no more/Pods-mold no more.release.xcconfig"; sourceTree = "<group>"; };
/* End PBXFileReference section */

/* Begin PBXFrameworksBuildPhase section */
		9E18BC1C1DB1D4B200AB256B /* Frameworks */ = {
			isa = PBXFrameworksBuildPhase;
			buildActionMask = 2147483647;
			files = (
				37066548B8BA84675137AE67 /* libPods-mold no more.a in Frameworks */,
			);
			runOnlyForDeploymentPostprocessing = 0;
		};
/* End PBXFrameworksBuildPhase section */

/* Begin PBXGroup section */
		240DB047C369219563F59DAA /* Pods */ = {
			isa = PBXGroup;
			children = (
				83D0024178F627ACDB89DC34 /* Pods-mold no more.debug.xcconfig */,
				DA810C96331336E0AB92AA51 /* Pods-mold no more.release.xcconfig */,
			);
			name = Pods;
			sourceTree = "<group>";
		};
		9E18BC161DB1D4B200AB256B = {
			isa = PBXGroup;
			children = (
				9E18BC341DB1DDB800AB256B /* -Bridging-Header.h */,
				9E18BC211DB1D4B300AB256B /* mold no more */,
				9E18BC201DB1D4B200AB256B /* Products */,
				240DB047C369219563F59DAA /* Pods */,
				B1C75B00606C1A3DD2B14764 /* Frameworks */,
			);
			sourceTree = "<group>";
		};
		9E18BC201DB1D4B200AB256B /* Products */ = {
			isa = PBXGroup;
			children = (
				9E18BC1F1DB1D4B200AB256B /* mold no more.app */,
			);
			name = Products;
			sourceTree = "<group>";
		};
		9E18BC211DB1D4B300AB256B /* mold no more */ = {
			isa = PBXGroup;
			children = (
				9E18BC221DB1D4B300AB256B /* AppDelegate.swift */,
				9E18BC241DB1D4B300AB256B /* ViewController.swift */,
				9E18BC261DB1D4B300AB256B /* Main.storyboard */,
				9E18BC291DB1D4B300AB256B /* Assets.xcassets */,
				9E18BC2B1DB1D4B300AB256B /* LaunchScreen.storyboard */,
				9E18BC2E1DB1D4B300AB256B /* Info.plist */,
			);
			path = "mold no more";
			sourceTree = "<group>";
		};
		B1C75B00606C1A3DD2B14764 /* Frameworks */ = {
			isa = PBXGroup;
			children = (
				C0C624CE3D819A71FB6CF7F4 /* libPods-mold no more.a */,
			);
			name = Frameworks;
			sourceTree = "<group>";
		};
/* End PBXGroup section */

/* Begin PBXNativeTarget section */
		9E18BC1E1DB1D4B200AB256B /* mold no more */ = {
			isa = PBXNativeTarget;
			buildConfigurationList = 9E18BC311DB1D4B300AB256B /* Build configuration list for PBXNativeTarget "mold no more" */;
			buildPhases = (
				82EA84A720B3A2C8BC9DCC93 /* [CP] Check Pods Manifest.lock */,
				9E18BC1B1DB1D4B200AB256B /* Sources */,
				9E18BC1C1DB1D4B200AB256B /* Frameworks */,
				9E18BC1D1DB1D4B200AB256B /* Resources */,
				25475CC0944C529DDC842A9D /* [CP] Embed Pods Frameworks */,
				7CD2F22826B6140580FD1B21 /* [CP] Copy Pods Resources */,
			);
			buildRules = (
			);
			dependencies = (
			);
			name = "mold no more";
			productName = "mold no more";
			productReference = 9E18BC1F1DB1D4B200AB256B /* mold no more.app */;
			productType = "com.apple.product-type.application";
		};
/* End PBXNativeTarget section */

/* Begin PBXProject section */
		9E18BC171DB1D4B200AB256B /* Project object */ = {
			isa = PBXProject;
			attributes = {
				LastSwiftUpdateCheck = 0730;
				LastUpgradeCheck = 0730;
				ORGANIZATIONNAME = "Joanna Chen";
				TargetAttributes = {
					9E18BC1E1DB1D4B200AB256B = {
						CreatedOnToolsVersion = 7.3;
					};
				};
			};
			buildConfigurationList = 9E18BC1A1DB1D4B200AB256B /* Build configuration list for PBXProject "mold no more" */;
			compatibilityVersion = "Xcode 3.2";
			developmentRegion = English;
			hasScannedForEncodings = 0;
			knownRegions = (
				en,
				Base,
			);
			mainGroup = 9E18BC161DB1D4B200AB256B;
			productRefGroup = 9E18BC201DB1D4B200AB256B /* Products */;
			projectDirPath = "";
			projectRoot = "";
			targets = (
				9E18BC1E1DB1D4B200AB256B /* mold no more */,
			);
		};
/* End PBXProject section */

/* Begin PBXResourcesBuildPhase section */
		9E18BC1D1DB1D4B200AB256B /* Resources */ = {
			isa = PBXResourcesBuildPhase;
			buildActionMask = 2147483647;
			files = (
				9E18BC2D1DB1D4B300AB256B /* LaunchScreen.storyboard in Resources */,
				9E18BC2A1DB1D4B300AB256B /* Assets.xcassets in Resources */,
				9E18BC281DB1D4B300AB256B /* Main.storyboard in Resources */,
			);
			runOnlyForDeploymentPostprocessing = 0;
		};
/* End PBXResourcesBuildPhase section */

/* Begin PBXShellScriptBuildPhase section */
		25475CC0944C529DDC842A9D /* [CP] Embed Pods Frameworks */ = {
			isa = PBXShellScriptBuildPhase;
			buildActionMask = 2147483647;
			files = (
			);
			inputPaths = (
			);
			name = "[CP] Embed Pods Frameworks";
			outputPaths = (
			);
			runOnlyForDeploymentPostprocessing = 0;
			shellPath = /bin/sh;
			shellScript = "\"${SRCROOT}/Pods/Target Support Files/Pods-mold no more/Pods-mold no more-frameworks.sh\"\n";
			showEnvVarsInLog = 0;
		};
		7CD2F22826B6140580FD1B21 /* [CP] Copy Pods Resources */ = {
			isa = PBXShellScriptBuildPhase;
			buildActionMask = 2147483647;
			files = (
			);
			inputPaths = (
			);
			name = "[CP] Copy Pods Resources";
			outputPaths = (
			);
			runOnlyForDeploymentPostprocessing = 0;
			shellPath = /bin/sh;
			shellScript = "\"${SRCROOT}/Pods/Target Support Files/Pods-mold no more/Pods-mold no more-resources.sh\"\n";
			showEnvVarsInLog = 0;
		};
		82EA84A720B3A2C8BC9DCC93 /* [CP] Check Pods Manifest.lock */ = {
			isa = PBXShellScriptBuildPhase;
			buildActionMask = 2147483647;
			files = (
			);
			inputPaths = (
			);
			name = "[CP] Check Pods Manifest.lock";
			outputPaths = (
			);
			runOnlyForDeploymentPostprocessing = 0;
			shellPath = /bin/sh;
			shellScript = "diff \"${PODS_ROOT}/../Podfile.lock\" \"${PODS_ROOT}/Manifest.lock\" > /dev/null\nif [[ $? != 0 ]] ; then\n    cat << EOM\nerror: The sandbox is not in sync with the Podfile.lock. Run 'pod install' or update your CocoaPods installation.\nEOM\n    exit 1\nfi\n";
			showEnvVarsInLog = 0;
		};
/* End PBXShellScriptBuildPhase section */

/* Begin PBXSourcesBuildPhase section */
		9E18BC1B1DB1D4B200AB256B /* Sources */ = {
			isa = PBXSourcesBuildPhase;
			buildActionMask = 2147483647;
			files = (
				9E18BC251DB1D4B300AB256B /* ViewController.swift in Sources */,
				9E18BC231DB1D4B300AB256B /* AppDelegate.swift in Sources */,
			);
			runOnlyForDeploymentPostprocessing = 0;
		};
/* End PBXSourcesBuildPhase section */

/* Begin PBXVariantGroup section */
		9E18BC261DB1D4B300AB256B /* Main.storyboard */ = {
			isa = PBXVariantGroup;
			children = (
				9E18BC271DB1D4B300AB256B /* Base */,
			);
			name = Main.storyboard;
			sourceTree = "<group>";
		};
		9E18BC2B1DB1D4B300AB256B /* LaunchScreen.storyboard */ = {
			isa = PBXVariantGroup;
			children = (
				9E18BC2C1DB1D4B300AB256B /* Base */,
			);
			name = LaunchScreen.storyboard;
			sourceTree = "<group>";
		};
/* End PBXVariantGroup section */

/* Begin XCBuildConfiguration section */
		9E18BC2F1DB1D4B300AB256B /* Debug */ = {
			isa = XCBuildConfiguration;
			buildSettings = {
				ALWAYS_SEARCH_USER_PATHS = NO;
				CLANG_ANALYZER_NONNULL = YES;
				CLANG_CXX_LANGUAGE_STANDARD = "gnu++0x";
				CLANG_CXX_LIBRARY = "libc++";
				CLANG_ENABLE_MODULES = YES;
				CLANG_ENABLE_OBJC_ARC = YES;
				CLANG_WARN_BOOL_CONVERSION = YES;
				CLANG_WARN_CONSTANT_CONVERSION = YES;
				CLANG_WARN_DIRECT_OBJC_ISA_USAGE = YES_ERROR;
				CLANG_WARN_EMPTY_BODY = YES;
				CLANG_WARN_ENUM_CONVERSION = YES;
				CLANG_WARN_INT_CONVERSION = YES;
				CLANG_WARN_OBJC_ROOT_CLASS = YES_ERROR;
				CLANG_WARN_UNREACHABLE_CODE = YES;
				CLANG_WARN__DUPLICATE_METHOD_MATCH = YES;
				"CODE_SIGN_IDENTITY[sdk=iphoneos*]" = "iPhone Developer";
				COPY_PHASE_STRIP = NO;
				DEBUG_INFORMATION_FORMAT = dwarf;
				ENABLE_STRICT_OBJC_MSGSEND = YES;
				ENABLE_TESTABILITY = YES;
				GCC_C_LANGUAGE_STANDARD = gnu99;
				GCC_DYNAMIC_NO_PIC = NO;
				GCC_NO_COMMON_BLOCKS = YES;
				GCC_OPTIMIZATION_LEVEL = 0;
				GCC_PREPROCESSOR_DEFINITIONS = (
					"DEBUG=1",
					"$(inherited)",
				);
				GCC_WARN_64_TO_32_BIT_CONVERSION = YES;
				GCC_WARN_ABOUT_RETURN_TYPE = YES_ERROR;
				GCC_WARN_UNDECLARED_SELECTOR = YES;
				GCC_WARN_UNINITIALIZED_AUTOS = YES_AGGRESSIVE;
				GCC_WARN_UNUSED_FUNCTION = YES;
				GCC_WARN_UNUSED_VARIABLE = YES;
				IPHONEOS_DEPLOYMENT_TARGET = 9.3;
				MTL_ENABLE_DEBUG_INFO = YES;
				ONLY_ACTIVE_ARCH = YES;
				SDKROOT = iphoneos;
				SWIFT_OPTIMIZATION_LEVEL = "-Onone";
			};
			name = Debug;
		};
		9E18BC301DB1D4B300AB256B /* Release */ = {
			isa = XCBuildConfiguration;
			buildSettings = {
				ALWAYS_SEARCH_USER_PATHS = NO;
				CLANG_ANALYZER_NONNULL = YES;
				CLANG_CXX_LANGUAGE_STANDARD = "gnu++0x";
				CLANG_CXX_LIBRARY = "libc++";
				CLANG_ENABLE_MODULES = YES;
				CLANG_ENABLE_OBJC_ARC = YES;
				CLANG_WARN_BOOL_CONVERSION = YES;
				CLANG_WARN_CONSTANT_CONVERSION = YES;
				CLANG_WARN_DIRECT_OBJC_ISA_USAGE = YES_ERROR;
				CLANG_WARN_EMPTY_BODY = YES;
				CLANG_WARN_ENUM_CONVERSION = YES;
				CLANG_WARN_INT_CONVERSION = YES;
				CLANG_WARN_OBJC_ROOT_CLASS = YES_ERROR;
				CLANG_WARN_UNREACHABLE_CODE = YES;
				CLANG_WARN__DUPLICATE_METHOD_MATCH = YES;
				"CODE_SIGN_IDENTITY[sdk=iphoneos*]" = "iPhone Developer";
				COPY_PHASE_STRIP = NO;
				DEBUG_INFORMATION_FORMAT = "dwarf-with-dsym";
				ENABLE_NS_ASSERTIONS = NO;
				ENABLE_STRICT_OBJC_MSGSEND = YES;
				GCC_C_LANGUAGE_STANDARD = gnu99;
				GCC_NO_COMMON_BLOCKS = YES;
				GCC_WARN_64_TO_32_BIT_CONVERSION = YES;
				GCC_WARN_ABOUT_RETURN_TYPE = YES_ERROR;
				GCC_WARN_UNDECLARED_SELECTOR = YES;
				GCC_WARN_UNINITIALIZED_AUTOS = YES_AGGRESSIVE;
				GCC_WARN_UNUSED_FUNCTION = YES;
				GCC_WARN_UNUSED_VARIABLE = YES;
				IPHONEOS_DEPLOYMENT_TARGET = 9.3;
				MTL_ENABLE_DEBUG_INFO = NO;
				SDKROOT = iphoneos;
				VALIDATE_PRODUCT = YES;
			};
			name = Release;
		};
		9E18BC321DB1D4B300AB256B /* Debug */ = {
			isa = XCBuildConfiguration;
			baseConfigurationReference = 83D0024178F627ACDB89DC34 /* Pods-mold no more.debug.xcconfig */;
			buildSettings = {
				ASSETCATALOG_COMPILER_APPICON_NAME = AppIcon;
				INFOPLIST_FILE = "mold no more/Info.plist";
				LD_RUNPATH_SEARCH_PATHS = "$(inherited) @executable_path/Frameworks";
				PRODUCT_BUNDLE_IDENTIFIER = "com.joannachen.mold-no-more";
				PRODUCT_NAME = "$(TARGET_NAME)";
				SWIFT_OBJC_BRIDGING_HEADER = "-Bridging-Header.h";
			};
			name = Debug;
		};
		9E18BC331DB1D4B300AB256B /* Release */ = {
			isa = XCBuildConfiguration;
			baseConfigurationReference = DA810C96331336E0AB92AA51 /* Pods-mold no more.release.xcconfig */;
			buildSettings = {
				ASSETCATALOG_COMPILER_APPICON_NAME = AppIcon;
				INFOPLIST_FILE = "mold no more/Info.plist";
				LD_RUNPATH_SEARCH_PATHS = "$(inherited) @executable_path/Frameworks";
				PRODUCT_BUNDLE_IDENTIFIER = "com.joannachen.mold-no-more";
				PRODUCT_NAME = "$(TARGET_NAME)";
				SWIFT_OBJC_BRIDGING_HEADER = "-Bridging-Header.h";
			};
			name = Release;
		};
/* End XCBuildConfiguration section */

/* Begin XCConfigurationList section */
		9E18BC1A1DB1D4B200AB256B /* Build configuration list for PBXProject "mold no more" */ = {
			isa = XCConfigurationList;
			buildConfigurations = (
				9E18BC2F1DB1D4B300AB256B /* Debug */,
				9E18BC301DB1D4B300AB256B /* Release */,
			);
			defaultConfigurationIsVisible = 0;
			defaultConfigurationName = Release;
		};
		9E18BC311DB1D4B300AB256B /* Build configuration list for PBXNativeTarget "mold no more" */ = {
			isa = XCConfigurationList;
			buildConfigurations = (
				9E18BC321DB1D4B300AB256B /* Debug */,
				9E18BC331DB1D4B300AB256B /* Release */,
			);
			defaultConfigurationIsVisible = 0;
			defaultConfigurationName = Release;
		};
/* End XCConfigurationList section */
	};
	rootObject = 9E18BC171DB1D4B200AB256B /* Project object */;
}
